
Microsoft Visual Studio Solution File, Format Version 12.00
# Visual Studio 15
VisualStudioVersion = 15.0.28307.421
MinimumVisualStudioVersion = 10.0.40219.1
Project("{FAE04EC0-301F-11D3-BF4B-00C04F79EFBC}") = "DatabaseHelper", "DatabaseHelper\DatabaseHelper.csproj", "{93138A0C-DDBE-4012-8D54-DF375C3AEC9C}"
EndProject
Project("{FAE04EC0-301F-11D3-BF4B-00C04F79EFBC}") = "PgsqlHelper", "PgsqlHelper\PgsqlHelper.csproj", "{8DAB4C45-0979-45E1-BB41-F74C6F48DF25}"
EndProject
Project("{FAE04EC0-301F-11D3-BF4B-00C04F79EFBC}") = "SQLiteHelper", "SQLiteHelper\SQLiteHelper.csproj", "{60233EE7-FF59-44A9-977C-FFE9C00AD412}"
EndProject
Project("{FAE04EC0-301F-11D3-BF4B-00C04F79EFBC}") = "MysqlHelper", "MysqlHelper\MysqlHelper.csproj", "{709C259C-94C5-4CF9-A57F-14D1BDAEBB24}"
EndProject
Project("{FAE04EC0-301F-11D3-BF4B-00C04F79EFBC}") = "MSSQLHelper", "MSSQLHelper\MSSQLHelper.csproj", "{B15271C1-6038-4973-9BA5-22F512BC3C85}"
EndProject
Project("{FAE04EC0-301F-11D3-BF4B-00C04F79EFBC}") = "OdbcDatabaseHelper", "OdbcDatabaseHelper\OdbcDatabaseHelper.csproj", "{4887B820-BBEB-46D1-8D29-EE120DD00B27}"
EndProject
Project("{FAE04EC0-301F-11D3-BF4B-00C04F79EFBC}") = "DatabaseHelper.Misc", "DatabaseHelper.Misc\DatabaseHelper.Misc.csproj", "{57190DA1-6566-4FD4-B7D8-17E0B444F402}"
EndProject
Global
	GlobalSection(SolutionConfigurationPlatforms) = preSolution
		Debug|Any CPU = Debug|Any CPU
		Release|Any CPU = Release|Any CPU
	EndGlobalSection
	GlobalSection(ProjectConfigurationPlatforms) = postSolution
		{93138A0C-DDBE-4012-8D54-DF375C3AEC9C}.Debug|Any CPU.ActiveCfg = Debug|Any CPU
		{93138A0C-DDBE-4012-8D54-DF375C3AEC9C}.Debug|Any CPU.Build.0 = Debug|Any CPU
		{93138A0C-DDBE-4012-8D54-DF375C3AEC9C}.Release|Any CPU.ActiveCfg = Release|Any CPU
		{93138A0C-DDBE-4012-8D54-DF375C3AEC9C}.Release|Any CPU.Build.0 = Release|Any CPU
		{8DAB4C45-0979-45E1-BB41-F74C6F48DF25}.Debug|Any CPU.ActiveCfg = Debug|Any CPU
		{8DAB4C45-0979-45E1-BB41-F74C6F48DF25}.Debug|Any CPU.Build.0 = Debug|Any CPU
		{8DAB4C45-0979-45E1-BB41-F74C6F48DF25}.Release|Any CPU.ActiveCfg = Release|Any CPU
		{8DAB4C45-0979-45E1-BB41-F74C6F48DF25}.Release|Any CPU.Build.0 = Release|Any CPU
		{60233EE7-FF59-44A9-977C-FFE9C00AD412}.Debug|Any CPU.ActiveCfg = Debug|Any CPU
		{60233EE7-FF59-44A9-977C-FFE9C00AD412}.Debug|Any CPU.Build.0 = Debug|Any CPU
		{60233EE7-FF59-44A9-977C-FFE9C00AD412}.Release|Any CPU.ActiveCfg = Release|Any CPU
		{60233EE7-FF59-44A9-977C-FFE9C00AD412}.Release|Any CPU.Build.0 = Release|Any CPU
		{709C259C-94C5-4CF9-A57F-14D1BDAEBB24}.Debug|Any CPU.ActiveCfg = Debug|Any CPU
		{709C259C-94C5-4CF9-A57F-14D1BDAEBB24}.Debug|Any CPU.Build.0 = Debug|Any CPU
		{709C259C-94C5-4CF9-A57F-14D1BDAEBB24}.Release|Any CPU.ActiveCfg = Release|Any CPU
		{709C259C-94C5-4CF9-A57F-14D1BDAEBB24}.Release|Any CPU.Build.0 = Release|Any CPU
		{B15271C1-6038-4973-9BA5-22F512BC3C85}.Debug|Any CPU.ActiveCfg = Debug|Any CPU
		{B15271C1-6038-4973-9BA5-22F512BC3C85}.Debug|Any CPU.Build.0 = Debug|Any CPU
		{B15271C1-6038-4973-9BA5-22F512BC3C85}.Release|Any CPU.ActiveCfg = Release|Any CPU
		{B15271C1-6038-4973-9BA5-22F512BC3C85}.Release|Any CPU.Build.0 = Release|Any CPU
		{4887B820-BBEB-46D1-8D29-EE120DD00B27}.Debug|Any CPU.ActiveCfg = Debug|Any CPU
		{4887B820-BBEB-46D1-8D29-EE120DD00B27}.Debug|Any CPU.Build.0 = Debug|Any CPU
		{4887B820-BBEB-46D1-8D29-EE120DD00B27}.Release|Any CPU.ActiveCfg = Release|Any CPU
		{4887B820-BBEB-46D1-8D29-EE120DD00B27}.Release|Any CPU.Build.0 = Release|Any CPU
		{57190DA1-6566-4FD4-B7D8-17E0B444F402}.Debug|Any CPU.ActiveCfg = Debug|Any CPU
		{57190DA1-6566-4FD4-B7D8-17E0B444F402}.Debug|Any CPU.Build.0 = Debug|Any CPU
		{57190DA1-6566-4FD4-B7D8-17E0B444F402}.Release|Any CPU.ActiveCfg = Release|Any CPU
		{57190DA1-6566-4FD4-B7D8-17E0B444F402}.Release|Any CPU.Build.0 = Release|Any CPU
	EndGlobalSection
	GlobalSection(SolutionProperties) = preSolution
		HideSolutionNode = FALSE
	EndGlobalSection
	GlobalSection(ExtensibilityGlobals) = postSolution
		SolutionGuid = {D39974CD-B07B-46B8-A86C-D9B654BA3075}
	EndGlobalSection
EndGlobal
